// !$*UTF8*$!
{
	archiveVersion = 1;
	classes = {
	};
	objectVersion = 46;
	objects = {

/* Begin PBXBuildFile section */
		9218FD7177DF3662FB5D057A /* libPods-BowlingKata.a in Frameworks */ = {isa = PBXBuildFile; fileRef = C6F3D4AD9A0F48FC094AB372 /* libPods-BowlingKata.a */; };
		C31F42DC1B162FD400060270 /* BowlingGameSpec.m in Sources */ = {isa = PBXBuildFile; fileRef = C31F42DB1B162FD400060270 /* BowlingGameSpec.m */; };
		C31F42DF1B1633CE00060270 /* BowlingGame.m in Sources */ = {isa = PBXBuildFile; fileRef = C31F42DE1B1633CE00060270 /* BowlingGame.m */; };
		C32AA3AF1B11560300EEE296 /* main.m in Sources */ = {isa = PBXBuildFile; fileRef = C32AA3AE1B11560300EEE296 /* main.m */; };
		C32AA3B21B11560300EEE296 /* AppDelegate.m in Sources */ = {isa = PBXBuildFile; fileRef = C32AA3B11B11560300EEE296 /* AppDelegate.m */; };
		C32AA3B51B11560300EEE296 /* ViewController.m in Sources */ = {isa = PBXBuildFile; fileRef = C32AA3B41B11560300EEE296 /* ViewController.m */; };
		C32AA3B81B11560300EEE296 /* Main.storyboard in Resources */ = {isa = PBXBuildFile; fileRef = C32AA3B61B11560300EEE296 /* Main.storyboard */; };
		C32AA3BA1B11560300EEE296 /* Images.xcassets in Resources */ = {isa = PBXBuildFile; fileRef = C32AA3B91B11560300EEE296 /* Images.xcassets */; };
		C32AA3BD1B11560300EEE296 /* LaunchScreen.xib in Resources */ = {isa = PBXBuildFile; fileRef = C32AA3BB1B11560300EEE296 /* LaunchScreen.xib */; };
		C36BDD751B1828420089D820 /* SimpleScoreCalculatorSpec.m in Sources */ = {isa = PBXBuildFile; fileRef = C36BDD741B1828420089D820 /* SimpleScoreCalculatorSpec.m */; };
		C36BDD7B1B1831250089D820 /* SimpleScoreCalculator.m in Sources */ = {isa = PBXBuildFile; fileRef = C36BDD7A1B1831250089D820 /* SimpleScoreCalculator.m */; };
		F4D81F94E9D109EA0F1887ED /* libPods-BowlingKataTests.a in Frameworks */ = {isa = PBXBuildFile; fileRef = 62B00394C9B6C4B93CC83C53 /* libPods-BowlingKataTests.a */; };
/* End PBXBuildFile section */

/* Begin PBXContainerItemProxy section */
		C32AA3C31B11560300EEE296 /* PBXContainerItemProxy */ = {
			isa = PBXContainerItemProxy;
			containerPortal = C32AA3A11B11560300EEE296 /* Project object */;
			proxyType = 1;
			remoteGlobalIDString = C32AA3A81B11560300EEE296;
			remoteInfo = BowlingKata;
		};
/* End PBXContainerItemProxy section */

/* Begin PBXFileReference section */
		0F6399A15F267464C2D035A1 /* Pods-BowlingKata.debug.xcconfig */ = {isa = PBXFileReference; includeInIndex = 1; lastKnownFileType = text.xcconfig; name = "Pods-BowlingKata.debug.xcconfig"; path = "Pods/Target Support Files/Pods-BowlingKata/Pods-BowlingKata.debug.xcconfig"; sourceTree = "<group>"; };
		243D301724247C80C5661403 /* Pods-BowlingKataTests.release.xcconfig */ = {isa = PBXFileReference; includeInIndex = 1; lastKnownFileType = text.xcconfig; name = "Pods-BowlingKataTests.release.xcconfig"; path = "Pods/Target Support Files/Pods-BowlingKataTests/Pods-BowlingKataTests.release.xcconfig"; sourceTree = "<group>"; };
		400445EADDCE4D0BAEAE83BD /* Pods-BowlingKata.release.xcconfig */ = {isa = PBXFileReference; includeInIndex = 1; lastKnownFileType = text.xcconfig; name = "Pods-BowlingKata.release.xcconfig"; path = "Pods/Target Support Files/Pods-BowlingKata/Pods-BowlingKata.release.xcconfig"; sourceTree = "<group>"; };
		5A96FADA7213C53879F94036 /* Pods-BowlingKataTests.debug.xcconfig */ = {isa = PBXFileReference; includeInIndex = 1; lastKnownFileType = text.xcconfig; name = "Pods-BowlingKataTests.debug.xcconfig"; path = "Pods/Target Support Files/Pods-BowlingKataTests/Pods-BowlingKataTests.debug.xcconfig"; sourceTree = "<group>"; };
		62B00394C9B6C4B93CC83C53 /* libPods-BowlingKataTests.a */ = {isa = PBXFileReference; explicitFileType = archive.ar; includeInIndex = 0; path = "libPods-BowlingKataTests.a"; sourceTree = BUILT_PRODUCTS_DIR; };
		C31F42DB1B162FD400060270 /* BowlingGameSpec.m */ = {isa = PBXFileReference; fileEncoding = 4; lastKnownFileType = sourcecode.c.objc; path = BowlingGameSpec.m; sourceTree = "<group>"; };
		C31F42DD1B1633CE00060270 /* BowlingGame.h */ = {isa = PBXFileReference; fileEncoding = 4; lastKnownFileType = sourcecode.c.h; path = BowlingGame.h; sourceTree = "<group>"; };
		C31F42DE1B1633CE00060270 /* BowlingGame.m */ = {isa = PBXFileReference; fileEncoding = 4; lastKnownFileType = sourcecode.c.objc; path = BowlingGame.m; sourceTree = "<group>"; };
		C31F42E01B164D7D00060270 /* RollValidator.h */ = {isa = PBXFileReference; fileEncoding = 4; lastKnownFileType = sourcecode.c.h; path = RollValidator.h; sourceTree = "<group>"; };
		C32AA3A91B11560300EEE296 /* BowlingKata.app */ = {isa = PBXFileReference; explicitFileType = wrapper.application; includeInIndex = 0; path = BowlingKata.app; sourceTree = BUILT_PRODUCTS_DIR; };
		C32AA3AD1B11560300EEE296 /* Info.plist */ = {isa = PBXFileReference; lastKnownFileType = text.plist.xml; path = Info.plist; sourceTree = "<group>"; };
		C32AA3AE1B11560300EEE296 /* main.m */ = {isa = PBXFileReference; lastKnownFileType = sourcecode.c.objc; path = main.m; sourceTree = "<group>"; };
		C32AA3B01B11560300EEE296 /* AppDelegate.h */ = {isa = PBXFileReference; lastKnownFileType = sourcecode.c.h; path = AppDelegate.h; sourceTree = "<group>"; };
		C32AA3B11B11560300EEE296 /* AppDelegate.m */ = {isa = PBXFileReference; lastKnownFileType = sourcecode.c.objc; path = AppDelegate.m; sourceTree = "<group>"; };
		C32AA3B31B11560300EEE296 /* ViewController.h */ = {isa = PBXFileReference; lastKnownFileType = sourcecode.c.h; path = ViewController.h; sourceTree = "<group>"; };
		C32AA3B41B11560300EEE296 /* ViewController.m */ = {isa = PBXFileReference; lastKnownFileType = sourcecode.c.objc; path = ViewController.m; sourceTree = "<group>"; };
		C32AA3B71B11560300EEE296 /* Base */ = {isa = PBXFileReference; lastKnownFileType = file.storyboard; name = Base; path = Base.lproj/Main.storyboard; sourceTree = "<group>"; };
		C32AA3B91B11560300EEE296 /* Images.xcassets */ = {isa = PBXFileReference; lastKnownFileType = folder.assetcatalog; path = Images.xcassets; sourceTree = "<group>"; };
		C32AA3BC1B11560300EEE296 /* Base */ = {isa = PBXFileReference; lastKnownFileType = file.xib; name = Base; path = Base.lproj/LaunchScreen.xib; sourceTree = "<group>"; };
		C32AA3C21B11560300EEE296 /* BowlingKataTests.xctest */ = {isa = PBXFileReference; explicitFileType = wrapper.cfbundle; includeInIndex = 0; path = BowlingKataTests.xctest; sourceTree = BUILT_PRODUCTS_DIR; };
		C32AA3C71B11560300EEE296 /* Info.plist */ = {isa = PBXFileReference; lastKnownFileType = text.plist.xml; path = Info.plist; sourceTree = "<group>"; };
		C334F36A1B178EA400F7E6BC /* RollHistory.h */ = {isa = PBXFileReference; fileEncoding = 4; lastKnownFileType = sourcecode.c.h; path = RollHistory.h; sourceTree = "<group>"; };
		C33A363F1B17F2B8006A5206 /* ScoreCalculator.h */ = {isa = PBXFileReference; lastKnownFileType = sourcecode.c.h; path = ScoreCalculator.h; sourceTree = "<group>"; };
		C36BDD741B1828420089D820 /* SimpleScoreCalculatorSpec.m */ = {isa = PBXFileReference; fileEncoding = 4; lastKnownFileType = sourcecode.c.objc; path = SimpleScoreCalculatorSpec.m; sourceTree = "<group>"; };
		C36BDD791B1831250089D820 /* SimpleScoreCalculator.h */ = {isa = PBXFileReference; fileEncoding = 4; lastKnownFileType = sourcecode.c.h; path = SimpleScoreCalculator.h; sourceTree = "<group>"; };
		C36BDD7A1B1831250089D820 /* SimpleScoreCalculator.m */ = {isa = PBXFileReference; fileEncoding = 4; lastKnownFileType = sourcecode.c.objc; path = SimpleScoreCalculator.m; sourceTree = "<group>"; };
		C6F3D4AD9A0F48FC094AB372 /* libPods-BowlingKata.a */ = {isa = PBXFileReference; explicitFileType = archive.ar; includeInIndex = 0; path = "libPods-BowlingKata.a"; sourceTree = BUILT_PRODUCTS_DIR; };
/* End PBXFileReference section */

/* Begin PBXFrameworksBuildPhase section */
		C32AA3A61B11560300EEE296 /* Frameworks */ = {
			isa = PBXFrameworksBuildPhase;
			buildActionMask = 2147483647;
			files = (
				9218FD7177DF3662FB5D057A /* libPods-BowlingKata.a in Frameworks */,
			);
			runOnlyForDeploymentPostprocessing = 0;
		};
		C32AA3BF1B11560300EEE296 /* Frameworks */ = {
			isa = PBXFrameworksBuildPhase;
			buildActionMask = 2147483647;
			files = (
				F4D81F94E9D109EA0F1887ED /* libPods-BowlingKataTests.a in Frameworks */,
			);
			runOnlyForDeploymentPostprocessing = 0;
		};
/* End PBXFrameworksBuildPhase section */

/* Begin PBXGroup section */
		909402914A141D3180E9205F /* Frameworks */ = {
			isa = PBXGroup;
			children = (
				C6F3D4AD9A0F48FC094AB372 /* libPods-BowlingKata.a */,
				62B00394C9B6C4B93CC83C53 /* libPods-BowlingKataTests.a */,
			);
			name = Frameworks;
			sourceTree = "<group>";
		};
		C1D5B6542766F037D818F49B /* Pods */ = {
			isa = PBXGroup;
			children = (
				0F6399A15F267464C2D035A1 /* Pods-BowlingKata.debug.xcconfig */,
				400445EADDCE4D0BAEAE83BD /* Pods-BowlingKata.release.xcconfig */,
				5A96FADA7213C53879F94036 /* Pods-BowlingKataTests.debug.xcconfig */,
				243D301724247C80C5661403 /* Pods-BowlingKataTests.release.xcconfig */,
			);
			name = Pods;
			sourceTree = "<group>";
		};
		C32AA3A01B11560300EEE296 = {
			isa = PBXGroup;
			children = (
				C32AA3AB1B11560300EEE296 /* BowlingKata */,
				C32AA3C51B11560300EEE296 /* BowlingKataTests */,
				C32AA3AA1B11560300EEE296 /* Products */,
				C1D5B6542766F037D818F49B /* Pods */,
				909402914A141D3180E9205F /* Frameworks */,
			);
			sourceTree = "<group>";
		};
		C32AA3AA1B11560300EEE296 /* Products */ = {
			isa = PBXGroup;
			children = (
				C32AA3A91B11560300EEE296 /* BowlingKata.app */,
				C32AA3C21B11560300EEE296 /* BowlingKataTests.xctest */,
			);
			name = Products;
			sourceTree = "<group>";
		};
		C32AA3AB1B11560300EEE296 /* BowlingKata */ = {
			isa = PBXGroup;
			children = (
				C31F42DD1B1633CE00060270 /* BowlingGame.h */,
				C31F42DE1B1633CE00060270 /* BowlingGame.m */,
				C31F42E01B164D7D00060270 /* RollValidator.h */,
				C334F36A1B178EA400F7E6BC /* RollHistory.h */,
				C33A363F1B17F2B8006A5206 /* ScoreCalculator.h */,
				C36BDD791B1831250089D820 /* SimpleScoreCalculator.h */,
				C36BDD7A1B1831250089D820 /* SimpleScoreCalculator.m */,
				C32AA3B01B11560300EEE296 /* AppDelegate.h */,
				C32AA3B11B11560300EEE296 /* AppDelegate.m */,
				C32AA3B31B11560300EEE296 /* ViewController.h */,
				C32AA3B41B11560300EEE296 /* ViewController.m */,
				C32AA3B61B11560300EEE296 /* Main.storyboard */,
				C32AA3B91B11560300EEE296 /* Images.xcassets */,
				C32AA3BB1B11560300EEE296 /* LaunchScreen.xib */,
				C32AA3AC1B11560300EEE296 /* Supporting Files */,
			);
			path = BowlingKata;
			sourceTree = "<group>";
		};
		C32AA3AC1B11560300EEE296 /* Supporting Files */ = {
			isa = PBXGroup;
			children = (
				C32AA3AD1B11560300EEE296 /* Info.plist */,
				C32AA3AE1B11560300EEE296 /* main.m */,
			);
			name = "Supporting Files";
			sourceTree = "<group>";
		};
		C32AA3C51B11560300EEE296 /* BowlingKataTests */ = {
			isa = PBXGroup;
			children = (
				C31F42DB1B162FD400060270 /* BowlingGameSpec.m */,
				C36BDD741B1828420089D820 /* SimpleScoreCalculatorSpec.m */,
				C32AA3C61B11560300EEE296 /* Supporting Files */,
			);
			path = BowlingKataTests;
			sourceTree = "<group>";
		};
		C32AA3C61B11560300EEE296 /* Supporting Files */ = {
			isa = PBXGroup;
			children = (
				C32AA3C71B11560300EEE296 /* Info.plist */,
			);
			name = "Supporting Files";
			sourceTree = "<group>";
		};
/* End PBXGroup section */

/* Begin PBXNativeTarget section */
		C32AA3A81B11560300EEE296 /* BowlingKata */ = {
			isa = PBXNativeTarget;
			buildConfigurationList = C32AA3CC1B11560300EEE296 /* Build configuration list for PBXNativeTarget "BowlingKata" */;
			buildPhases = (
				E5A41B49F2063D567DFB7F8D /* Check Pods Manifest.lock */,
				C32AA3A51B11560300EEE296 /* Sources */,
				C32AA3A61B11560300EEE296 /* Frameworks */,
				C32AA3A71B11560300EEE296 /* Resources */,
				EF4ABB3060FDA61E8C506C9A /* Copy Pods Resources */,
			);
			buildRules = (
			);
			dependencies = (
			);
			name = BowlingKata;
			productName = BowlingKata;
			productReference = C32AA3A91B11560300EEE296 /* BowlingKata.app */;
			productType = "com.apple.product-type.application";
		};
		C32AA3C11B11560300EEE296 /* BowlingKataTests */ = {
			isa = PBXNativeTarget;
			buildConfigurationList = C32AA3CF1B11560300EEE296 /* Build configuration list for PBXNativeTarget "BowlingKataTests" */;
			buildPhases = (
				686E60394E5314ACC1C6939A /* Check Pods Manifest.lock */,
				C32AA3BE1B11560300EEE296 /* Sources */,
				C32AA3BF1B11560300EEE296 /* Frameworks */,
				C32AA3C01B11560300EEE296 /* Resources */,
				DEDCC7BE31C410D7B8730E2A /* Copy Pods Resources */,
			);
			buildRules = (
			);
			dependencies = (
				C32AA3C41B11560300EEE296 /* PBXTargetDependency */,
			);
			name = BowlingKataTests;
			productName = BowlingKataTests;
			productReference = C32AA3C21B11560300EEE296 /* BowlingKataTests.xctest */;
			productType = "com.apple.product-type.bundle.unit-test";
		};
/* End PBXNativeTarget section */

/* Begin PBXProject section */
		C32AA3A11B11560300EEE296 /* Project object */ = {
			isa = PBXProject;
			attributes = {
				LastUpgradeCheck = 0610;
				ORGANIZATIONNAME = "N A";
				TargetAttributes = {
					C32AA3A81B11560300EEE296 = {
						CreatedOnToolsVersion = 6.1.1;
					};
					C32AA3C11B11560300EEE296 = {
						CreatedOnToolsVersion = 6.1.1;
						TestTargetID = C32AA3A81B11560300EEE296;
					};
				};
			};
			buildConfigurationList = C32AA3A41B11560300EEE296 /* Build configuration list for PBXProject "BowlingKata" */;
			compatibilityVersion = "Xcode 3.2";
			developmentRegion = English;
			hasScannedForEncodings = 0;
			knownRegions = (
				en,
				Base,
			);
			mainGroup = C32AA3A01B11560300EEE296;
			productRefGroup = C32AA3AA1B11560300EEE296 /* Products */;
			projectDirPath = "";
			projectRoot = "";
			targets = (
				C32AA3A81B11560300EEE296 /* BowlingKata */,
				C32AA3C11B11560300EEE296 /* BowlingKataTests */,
			);
		};
/* End PBXProject section */

/* Begin PBXResourcesBuildPhase section */
		C32AA3A71B11560300EEE296 /* Resources */ = {
			isa = PBXResourcesBuildPhase;
			buildActionMask = 2147483647;
			files = (
				C32AA3B81B11560300EEE296 /* Main.storyboard in Resources */,
				C32AA3BD1B11560300EEE296 /* LaunchScreen.xib in Resources */,
				C32AA3BA1B11560300EEE296 /* Images.xcassets in Resources */,
			);
			runOnlyForDeploymentPostprocessing = 0;
		};
		C32AA3C01B11560300EEE296 /* Resources */ = {
			isa = PBXResourcesBuildPhase;
			buildActionMask = 2147483647;
			files = (
			);
			runOnlyForDeploymentPostprocessing = 0;
		};
/* End PBXResourcesBuildPhase section */

/* Begin PBXShellScriptBuildPhase section */
		686E60394E5314ACC1C6939A /* Check Pods Manifest.lock */ = {
			isa = PBXShellScriptBuildPhase;
			buildActionMask = 2147483647;
			files = (
			);
			inputPaths = (
			);
			name = "Check Pods Manifest.lock";
			outputPaths = (
			);
			runOnlyForDeploymentPostprocessing = 0;
			shellPath = /bin/sh;
			shellScript = "diff \"${PODS_ROOT}/../Podfile.lock\" \"${PODS_ROOT}/Manifest.lock\" > /dev/null\nif [[ $? != 0 ]] ; then\n    cat << EOM\nerror: The sandbox is not in sync with the Podfile.lock. Run 'pod install' or update your CocoaPods installation.\nEOM\n    exit 1\nfi\n";
			showEnvVarsInLog = 0;
		};
		DEDCC7BE31C410D7B8730E2A /* Copy Pods Resources */ = {
			isa = PBXShellScriptBuildPhase;
			buildActionMask = 2147483647;
			files = (
			);
			inputPaths = (
			);
			name = "Copy Pods Resources";
			outputPaths = (
			);
			runOnlyForDeploymentPostprocessing = 0;
			shellPath = /bin/sh;
			shellScript = "\"${SRCROOT}/Pods/Target Support Files/Pods-BowlingKataTests/Pods-BowlingKataTests-resources.sh\"\n";
			showEnvVarsInLog = 0;
		};
		E5A41B49F2063D567DFB7F8D /* Check Pods Manifest.lock */ = {
			isa = PBXShellScriptBuildPhase;
			buildActionMask = 2147483647;
			files = (
			);
			inputPaths = (
			);
			name = "Check Pods Manifest.lock";
			outputPaths = (
			);
			runOnlyForDeploymentPostprocessing = 0;
			shellPath = /bin/sh;
			shellScript = "diff \"${PODS_ROOT}/../Podfile.lock\" \"${PODS_ROOT}/Manifest.lock\" > /dev/null\nif [[ $? != 0 ]] ; then\n    cat << EOM\nerror: The sandbox is not in sync with the Podfile.lock. Run 'pod install' or update your CocoaPods installation.\nEOM\n    exit 1\nfi\n";
			showEnvVarsInLog = 0;
		};
		EF4ABB3060FDA61E8C506C9A /* Copy Pods Resources */ = {
			isa = PBXShellScriptBuildPhase;
			buildActionMask = 2147483647;
			files = (
			);
			inputPaths = (
			);
			name = "Copy Pods Resources";
			outputPaths = (
			);
			runOnlyForDeploymentPostprocessing = 0;
			shellPath = /bin/sh;
			shellScript = "\"${SRCROOT}/Pods/Target Support Files/Pods-BowlingKata/Pods-BowlingKata-resources.sh\"\n";
			showEnvVarsInLog = 0;
		};
/* End PBXShellScriptBuildPhase section */

/* Begin PBXSourcesBuildPhase section */
		C32AA3A51B11560300EEE296 /* Sources */ = {
			isa = PBXSourcesBuildPhase;
			buildActionMask = 2147483647;
			files = (
				C31F42DF1B1633CE00060270 /* BowlingGame.m in Sources */,
				C32AA3B51B11560300EEE296 /* ViewController.m in Sources */,
				C36BDD7B1B1831250089D820 /* SimpleScoreCalculator.m in Sources */,
				C32AA3B21B11560300EEE296 /* AppDelegate.m in Sources */,
				C32AA3AF1B11560300EEE296 /* main.m in Sources */,
			);
			runOnlyForDeploymentPostprocessing = 0;
		};
		C32AA3BE1B11560300EEE296 /* Sources */ = {
			isa = PBXSourcesBuildPhase;
			buildActionMask = 2147483647;
			files = (
				C31F42DC1B162FD400060270 /* BowlingGameSpec.m in Sources */,
				C36BDD751B1828420089D820 /* SimpleScoreCalculatorSpec.m in Sources */,
			);
			runOnlyForDeploymentPostprocessing = 0;
		};
/* End PBXSourcesBuildPhase section */

/* Begin PBXTargetDependency section */
		C32AA3C41B11560300EEE296 /* PBXTargetDependency */ = {
			isa = PBXTargetDependency;
			target = C32AA3A81B11560300EEE296 /* BowlingKata */;
			targetProxy = C32AA3C31B11560300EEE296 /* PBXContainerItemProxy */;
		};
/* End PBXTargetDependency section */

/* Begin PBXVariantGroup section */
		C32AA3B61B11560300EEE296 /* Main.storyboard */ = {
			isa = PBXVariantGroup;
			children = (
				C32AA3B71B11560300EEE296 /* Base */,
			);
			name = Main.storyboard;
			sourceTree = "<group>";
		};
		C32AA3BB1B11560300EEE296 /* LaunchScreen.xib */ = {
			isa = PBXVariantGroup;
			children = (
				C32AA3BC1B11560300EEE296 /* Base */,
			);
			name = LaunchScreen.xib;
			sourceTree = "<group>";
		};
/* End PBXVariantGroup section */

/* Begin XCBuildConfiguration section */
		C32AA3CA1B11560300EEE296 /* Debug */ = {
			isa = XCBuildConfiguration;
			buildSettings = {
				ALWAYS_SEARCH_USER_PATHS = NO;
				CLANG_CXX_LANGUAGE_STANDARD = "gnu++0x";
				CLANG_CXX_LIBRARY = "libc++";
				CLANG_ENABLE_MODULES = YES;
				CLANG_ENABLE_OBJC_ARC = YES;
				CLANG_WARN_BOOL_CONVERSION = YES;
				CLANG_WARN_CONSTANT_CONVERSION = YES;
				CLANG_WARN_DIRECT_OBJC_ISA_USAGE = YES_ERROR;
				CLANG_WARN_EMPTY_BODY = YES;
				CLANG_WARN_ENUM_CONVERSION = YES;
				CLANG_WARN_INT_CONVERSION = YES;
				CLANG_WARN_OBJC_ROOT_CLASS = YES_ERROR;
				CLANG_WARN_UNREACHABLE_CODE = YES;
				CLANG_WARN__DUPLICATE_METHOD_MATCH = YES;
				"CODE_SIGN_IDENTITY[sdk=iphoneos*]" = "iPhone Developer";
				COPY_PHASE_STRIP = NO;
				ENABLE_STRICT_OBJC_MSGSEND = YES;
				GCC_C_LANGUAGE_STANDARD = gnu99;
				GCC_DYNAMIC_NO_PIC = NO;
				GCC_OPTIMIZATION_LEVEL = 0;
				GCC_PREPROCESSOR_DEFINITIONS = (
					"DEBUG=1",
					"$(inherited)",
				);
				GCC_SYMBOLS_PRIVATE_EXTERN = NO;
				GCC_WARN_64_TO_32_BIT_CONVERSION = YES;
				GCC_WARN_ABOUT_RETURN_TYPE = YES_ERROR;
				GCC_WARN_UNDECLARED_SELECTOR = YES;
				GCC_WARN_UNINITIALIZED_AUTOS = YES_AGGRESSIVE;
				GCC_WARN_UNUSED_FUNCTION = YES;
				GCC_WARN_UNUSED_VARIABLE = YES;
				IPHONEOS_DEPLOYMENT_TARGET = 8.1;
				MTL_ENABLE_DEBUG_INFO = YES;
				ONLY_ACTIVE_ARCH = YES;
				SDKROOT = iphoneos;
				TARGETED_DEVICE_FAMILY = "1,2";
			};
			name = Debug;
		};
		C32AA3CB1B11560300EEE296 /* Release */ = {
			isa = XCBuildConfiguration;
			buildSettings = {
				ALWAYS_SEARCH_USER_PATHS = NO;
				CLANG_CXX_LANGUAGE_STANDARD = "gnu++0x";
				CLANG_CXX_LIBRARY = "libc++";
				CLANG_ENABLE_MODULES = YES;
				CLANG_ENABLE_OBJC_ARC = YES;
				CLANG_WARN_BOOL_CONVERSION = YES;
				CLANG_WARN_CONSTANT_CONVERSION = YES;
				CLANG_WARN_DIRECT_OBJC_ISA_USAGE = YES_ERROR;
				CLANG_WARN_EMPTY_BODY = YES;
				CLANG_WARN_ENUM_CONVERSION = YES;
				CLANG_WARN_INT_CONVERSION = YES;
				CLANG_WARN_OBJC_ROOT_CLASS = YES_ERROR;
				CLANG_WARN_UNREACHABLE_CODE = YES;
				CLANG_WARN__DUPLICATE_METHOD_MATCH = YES;
				"CODE_SIGN_IDENTITY[sdk=iphoneos*]" = "iPhone Developer";
				COPY_PHASE_STRIP = YES;
				ENABLE_NS_ASSERTIONS = NO;
				ENABLE_STRICT_OBJC_MSGSEND = YES;
				GCC_C_LANGUAGE_STANDARD = gnu99;
				GCC_WARN_64_TO_32_BIT_CONVERSION = YES;
				GCC_WARN_ABOUT_RETURN_TYPE = YES_ERROR;
				GCC_WARN_UNDECLARED_SELECTOR = YES;
				GCC_WARN_UNINITIALIZED_AUTOS = YES_AGGRESSIVE;
				GCC_WARN_UNUSED_FUNCTION = YES;
				GCC_WARN_UNUSED_VARIABLE = YES;
				IPHONEOS_DEPLOYMENT_TARGET = 8.1;
				MTL_ENABLE_DEBUG_INFO = NO;
				SDKROOT = iphoneos;
				TARGETED_DEVICE_FAMILY = "1,2";
				VALIDATE_PRODUCT = YES;
			};
			name = Release;
		};
		C32AA3CD1B11560300EEE296 /* Debug */ = {
			isa = XCBuildConfiguration;
			baseConfigurationReference = 0F6399A15F267464C2D035A1 /* Pods-BowlingKata.debug.xcconfig */;
			buildSettings = {
				ASSETCATALOG_COMPILER_APPICON_NAME = AppIcon;
				INFOPLIST_FILE = BowlingKata/Info.plist;
				LD_RUNPATH_SEARCH_PATHS = "$(inherited) @executable_path/Frameworks";
				PRODUCT_NAME = "$(TARGET_NAME)";
			};
			name = Debug;
		};
		C32AA3CE1B11560300EEE296 /* Release */ = {
			isa = XCBuildConfiguration;
			baseConfigurationReference = 400445EADDCE4D0BAEAE83BD /* Pods-BowlingKata.release.xcconfig */;
			buildSettings = {
				ASSETCATALOG_COMPILER_APPICON_NAME = AppIcon;
				INFOPLIST_FILE = BowlingKata/Info.plist;
				LD_RUNPATH_SEARCH_PATHS = "$(inherited) @executable_path/Frameworks";
				PRODUCT_NAME = "$(TARGET_NAME)";
			};
			name = Release;
		};
		C32AA3D01B11560300EEE296 /* Debug */ = {
			isa = XCBuildConfiguration;
			baseConfigurationReference = 5A96FADA7213C53879F94036 /* Pods-BowlingKataTests.debug.xcconfig */;
			buildSettings = {
				BUNDLE_LOADER = "$(TEST_HOST)";
				FRAMEWORK_SEARCH_PATHS = (
					"$(SDKROOT)/Developer/Library/Frameworks",
					"$(inherited)",
				);
				GCC_PREPROCESSOR_DEFINITIONS = (
					"DEBUG=1",
					"$(inherited)",
				);
				INFOPLIST_FILE = BowlingKataTests/Info.plist;
				LD_RUNPATH_SEARCH_PATHS = "$(inherited) @executable_path/Frameworks @loader_path/Frameworks";
				PRODUCT_NAME = "$(TARGET_NAME)";
				TEST_HOST = "$(BUILT_PRODUCTS_DIR)/BowlingKata.app/BowlingKata";
			};
			name = Debug;
		};
		C32AA3D11B11560300EEE296 /* Release */ = {
			isa = XCBuildConfiguration;
			baseConfigurationReference = 243D301724247C80C5661403 /* Pods-BowlingKataTests.release.xcconfig */;
			buildSettings = {
				BUNDLE_LOADER = "$(TEST_HOST)";
				FRAMEWORK_SEARCH_PATHS = (
					"$(SDKROOT)/Developer/Library/Frameworks",
					"$(inherited)",
				);
				INFOPLIST_FILE = BowlingKataTests/Info.plist;
				LD_RUNPATH_SEARCH_PATHS = "$(inherited) @executable_path/Frameworks @loader_path/Frameworks";
				PRODUCT_NAME = "$(TARGET_NAME)";
				TEST_HOST = "$(BUILT_PRODUCTS_DIR)/BowlingKata.app/BowlingKata";
			};
			name = Release;
		};
/* End XCBuildConfiguration section */

/* Begin XCConfigurationList section */
		C32AA3A41B11560300EEE296 /* Build configuration list for PBXProject "BowlingKata" */ = {
			isa = XCConfigurationList;
			buildConfigurations = (
				C32AA3CA1B11560300EEE296 /* Debug */,
				C32AA3CB1B11560300EEE296 /* Release */,
			);
			defaultConfigurationIsVisible = 0;
			defaultConfigurationName = Release;
		};
		C32AA3CC1B11560300EEE296 /* Build configuration list for PBXNativeTarget "BowlingKata" */ = {
			isa = XCConfigurationList;
			buildConfigurations = (
				C32AA3CD1B11560300EEE296 /* Debug */,
				C32AA3CE1B11560300EEE296 /* Release */,
			);
			defaultConfigurationIsVisible = 0;
			defaultConfigurationName = Release;
		};
		C32AA3CF1B11560300EEE296 /* Build configuration list for PBXNativeTarget "BowlingKataTests" */ = {
			isa = XCConfigurationList;
			buildConfigurations = (
				C32AA3D01B11560300EEE296 /* Debug */,
				C32AA3D11B11560300EEE296 /* Release */,
			);
			defaultConfigurationIsVisible = 0;
			defaultConfigurationName = Release;
		};
/* End XCConfigurationList section */
	};
	rootObject = C32AA3A11B11560300EEE296 /* Project object */;
}
